// !$*UTF8*$!
{
	archiveVersion = 1;
	classes = {
	};
	objectVersion = 45;
	objects = {

/* Begin PBXFileReference section */
		B1E8C4121356D8F300976ABC /* main.h */ = {isa = PBXFileReference; fileEncoding = 4; lastKnownFileType = sourcecode.c.h; path = main.h; sourceTree = "<group>"; };
		B1E8C4131356D8F300976ABC /* main.c */ = {isa = PBXFileReference; fileEncoding = 4; lastKnownFileType = sourcecode.c.c; path = main.c; sourceTree = "<group>"; };
		B1E8C4181356D94700976ABC /* Makefile */ = {isa = PBXFileReference; fileEncoding = 4; lastKnownFileType = sourcecode.make; path = Makefile; sourceTree = "<group>"; };
		B1E8C4191356DC3400976ABC /* fm_synth.h */ = {isa = PBXFileReference; fileEncoding = 4; lastKnownFileType = sourcecode.c.h; path = fm_synth.h; sourceTree = "<group>"; };
		B1E8C41A1356DC3400976ABC /* fm_synth.c */ = {isa = PBXFileReference; fileEncoding = 4; lastKnownFileType = sourcecode.c.c; path = fm_synth.c; sourceTree = "<group>"; };
/* End PBXFileReference section */

/* Begin PBXGroup section */
		08FB7794FE84155DC02AAC07 /* AVR_FM */ = {
			isa = PBXGroup;
			children = (
				B1E8C4171356D91600976ABC /* Makefile */,
				B1E8C4161356D90A00976ABC /* Sources */,
			);
			name = AVR_FM;
			sourceTree = "<group>";
		};
		B1E8C4161356D90A00976ABC /* Sources */ = {
			isa = PBXGroup;
			children = (
				B1E8C4121356D8F300976ABC /* main.h */,
				B1E8C4131356D8F300976ABC /* main.c */,
				B1E8C4191356DC3400976ABC /* fm_synth.h */,
				B1E8C41A1356DC3400976ABC /* fm_synth.c */,
			);
			name = Sources;
			sourceTree = "<group>";
		};
		B1E8C4171356D91600976ABC /* Makefile */ = {
			isa = PBXGroup;
			children = (
				B1E8C4181356D94700976ABC /* Makefile */,
			);
			name = Makefile;
			sourceTree = "<group>";
		};
/* End PBXGroup section */

/* Begin PBXLegacyTarget section */
		D28A88AD04BDD90700651E21 /* AVR_FM */ = {
			isa = PBXLegacyTarget;
			buildArgumentsString = "$(ACTION)";
			buildConfigurationList = 1DEB918F08733D9F0010E9CD /* Build configuration list for PBXLegacyTarget "AVR_FM" */;
			buildPhases = (
			);
			buildToolPath = /usr/bin/make;
			dependencies = (
			);
			name = AVR_FM;
			passBuildSettingsInEnvironment = 1;
			productName = AVR_FM;
		};
/* End PBXLegacyTarget section */

/* Begin PBXProject section */
		08FB7793FE84155DC02AAC07 /* Project object */ = {
			isa = PBXProject;
			buildConfigurationList = 1DEB919308733D9F0010E9CD /* Build configuration list for PBXProject "AVR_FM" */;
			compatibilityVersion = "Xcode 3.1";
			developmentRegion = English;
			hasScannedForEncodings = 1;
			knownRegions = (
				English,
				Japanese,
				French,
				German,
			);
			mainGroup = 08FB7794FE84155DC02AAC07 /* AVR_FM */;
			projectDirPath = "";
			projectRoot = "";
			targets = (
				D28A88AD04BDD90700651E21 /* AVR_FM */,
			);
		};
/* End PBXProject section */

/* Begin XCBuildConfiguration section */
		1DEB919008733D9F0010E9CD /* Debug */ = {
			isa = XCBuildConfiguration;
			buildSettings = {
				COPY_PHASE_STRIP = NO;
				DEBUGGING_SYMBOLS = YES;
				GCC_DYNAMIC_NO_PIC = NO;
				GCC_ENABLE_FIX_AND_CONTINUE = YES;
				GCC_GENERATE_DEBUGGING_SYMBOLS = YES;
				GCC_OPTIMIZATION_LEVEL = 0;
				OTHER_CFLAGS = "";
				OTHER_LDFLAGS = "";
				PRODUCT_NAME = AVR_FM;
			};
			name = Debug;
		};
		1DEB919108733D9F0010E9CD /* Release */ = {
			isa = XCBuildConfiguration;
			buildSettings = {
				COPY_PHASE_STRIP = YES;
				GCC_ENABLE_FIX_AND_CONTINUE = NO;
				OTHER_CFLAGS = "";
				OTHER_LDFLAGS = "";
				PRODUCT_NAME = AVR_FM;
			};
			name = Release;
		};
		1DEB919408733D9F0010E9CD /* Debug */ = {
			isa = XCBuildConfiguration;
			buildSettings = {
				ARCHS = (
					atmega48,
					atmega88,
					atmega168,
					atmega324,
					atmega328,
				);
				GCC_WARN_ABOUT_RETURN_TYPE = YES;
				GCC_WARN_UNUSED_VARIABLE = YES;
				ONLY_ACTIVE_ARCH = YES;
			};
			name = Debug;
		};
		1DEB919508733D9F0010E9CD /* Release */ = {
			isa = XCBuildConfiguration;
			buildSettings = {
				ARCHS = (
					atmega48,
					atmega88,
					atmega168,
					atmega324,
					atmega328,
				);
				GCC_WARN_ABOUT_RETURN_TYPE = YES;
				GCC_WARN_UNUSED_VARIABLE = YES;
			};
			name = Release;
		};
/* End XCBuildConfiguration section */

/* Begin XCConfigurationList section */
		1DEB918F08733D9F0010E9CD /* Build configuration list for PBXLegacyTarget "AVR_FM" */ = {
			isa = XCConfigurationList;
			buildConfigurations = (
				1DEB919008733D9F0010E9CD /* Debug */,
				1DEB919108733D9F0010E9CD /* Release */,
			);
			defaultConfigurationIsVisible = 0;
			defaultConfigurationName = Release;
		};
		1DEB919308733D9F0010E9CD /* Build configuration list for PBXProject "AVR_FM" */ = {
			isa = XCConfigurationList;
			buildConfigurations = (
				1DEB919408733D9F0010E9CD /* Debug */,
				1DEB919508733D9F0010E9CD /* Release */,
			);
			defaultConfigurationIsVisible = 0;
			defaultConfigurationName = Release;
		};
/* End XCConfigurationList section */
	};
	rootObject = 08FB7793FE84155DC02AAC07 /* Project object */;
}
